
Microsoft Visual Studio Solution File, Format Version 12.00
Project("{FAE04EC0-301F-11D3-BF4B-00C04F79EFBC}") = "C2CS.Tool", "production\executables\C2CS.Tool\C2CS.Tool.csproj", "{BB80AB21-DE97-4E8D-9E07-59FFDEA04CC1}"
EndProject
Project("{2150E333-8FDC-42A3-9474-1A3956D46DE8}") = "production", "production", "{D5FE4F37-21B4-498E-B6B7-CB9DDBE5937A}"
EndProject
Project("{2150E333-8FDC-42A3-9474-1A3956D46DE8}") = "tests", "tests", "{65B41709-3C9F-4556-83C8-A4380AC14E56}"
EndProject
Project("{2150E333-8FDC-42A3-9474-1A3956D46DE8}") = "executables", "executables", "{CF027A35-0148-4B5D-A5B1-B0EEF95932FC}"
EndProject
Project("{FAE04EC0-301F-11D3-BF4B-00C04F79EFBC}") = "C2CS.Tests", "tests\C2CS.Tests\C2CS.Tests.csproj", "{1BE51A85-A187-46CC-A307-04A66316CD55}"
EndProject
Project("{2150E333-8FDC-42A3-9474-1A3956D46DE8}") = "libraries", "libraries", "{054E8290-C6AB-4147-85E6-55E2FF1BCDE6}"
EndProject
Project("{FAE04EC0-301F-11D3-BF4B-00C04F79EFBC}") = "C2CS.Plugin", "production\libraries\C2CS.Plugin\C2CS.Plugin.csproj", "{1E42C47F-7D60-42B4-9B30-D704CA742172}"
EndProject
Project("{FAE04EC0-301F-11D3-BF4B-00C04F79EFBC}") = "C2CS.Runtime", "production\libraries\C2CS.Runtime\C2CS.Runtime.csproj", "{CE9C0516-2E90-4CB3-B16C-D7E082E8AC18}"
EndProject
Project("{2150E333-8FDC-42A3-9474-1A3956D46DE8}") = "_", "_", "{5E9E6E46-34A3-4F1E-A0C1-EFDBFD6541F2}"
	ProjectSection(SolutionItems) = preProject
		TODO.md = TODO.md
	EndProjectSection
EndProject
Global
	GlobalSection(SolutionConfigurationPlatforms) = preSolution
		Debug|Any CPU = Debug|Any CPU
		Release|Any CPU = Release|Any CPU
	EndGlobalSection
	GlobalSection(ProjectConfigurationPlatforms) = postSolution
		{BB80AB21-DE97-4E8D-9E07-59FFDEA04CC1}.Debug|Any CPU.ActiveCfg = Debug|Any CPU
		{BB80AB21-DE97-4E8D-9E07-59FFDEA04CC1}.Debug|Any CPU.Build.0 = Debug|Any CPU
		{BB80AB21-DE97-4E8D-9E07-59FFDEA04CC1}.Release|Any CPU.ActiveCfg = Release|Any CPU
		{BB80AB21-DE97-4E8D-9E07-59FFDEA04CC1}.Release|Any CPU.Build.0 = Release|Any CPU
		{1BE51A85-A187-46CC-A307-04A66316CD55}.Debug|Any CPU.ActiveCfg = Debug|Any CPU
		{1BE51A85-A187-46CC-A307-04A66316CD55}.Debug|Any CPU.Build.0 = Debug|Any CPU
		{1BE51A85-A187-46CC-A307-04A66316CD55}.Release|Any CPU.ActiveCfg = Release|Any CPU
		{1BE51A85-A187-46CC-A307-04A66316CD55}.Release|Any CPU.Build.0 = Release|Any CPU
		{1E42C47F-7D60-42B4-9B30-D704CA742172}.Debug|Any CPU.ActiveCfg = Debug|Any CPU
		{1E42C47F-7D60-42B4-9B30-D704CA742172}.Debug|Any CPU.Build.0 = Debug|Any CPU
		{1E42C47F-7D60-42B4-9B30-D704CA742172}.Release|Any CPU.ActiveCfg = Release|Any CPU
		{1E42C47F-7D60-42B4-9B30-D704CA742172}.Release|Any CPU.Build.0 = Release|Any CPU
		{CE9C0516-2E90-4CB3-B16C-D7E082E8AC18}.Debug|Any CPU.ActiveCfg = Debug|Any CPU
		{CE9C0516-2E90-4CB3-B16C-D7E082E8AC18}.Debug|Any CPU.Build.0 = Debug|Any CPU
		{CE9C0516-2E90-4CB3-B16C-D7E082E8AC18}.Release|Any CPU.ActiveCfg = Release|Any CPU
		{CE9C0516-2E90-4CB3-B16C-D7E082E8AC18}.Release|Any CPU.Build.0 = Release|Any CPU
	EndGlobalSection
	GlobalSection(NestedProjects) = preSolution
		{CF027A35-0148-4B5D-A5B1-B0EEF95932FC} = {D5FE4F37-21B4-498E-B6B7-CB9DDBE5937A}
		{BB80AB21-DE97-4E8D-9E07-59FFDEA04CC1} = {CF027A35-0148-4B5D-A5B1-B0EEF95932FC}
		{1BE51A85-A187-46CC-A307-04A66316CD55} = {65B41709-3C9F-4556-83C8-A4380AC14E56}
		{054E8290-C6AB-4147-85E6-55E2FF1BCDE6} = {D5FE4F37-21B4-498E-B6B7-CB9DDBE5937A}
		{1E42C47F-7D60-42B4-9B30-D704CA742172} = {054E8290-C6AB-4147-85E6-55E2FF1BCDE6}
		{CE9C0516-2E90-4CB3-B16C-D7E082E8AC18} = {054E8290-C6AB-4147-85E6-55E2FF1BCDE6}
	EndGlobalSection
EndGlobal
