
Microsoft Visual Studio Solution File, Format Version 12.00
Project("{FAE04EC0-301F-11D3-BF4B-00C04F79EFBC}") = "C2CS", "prod\C2CS\C2CS.csproj", "{579857C9-5374-458A-84E0-0564ECA99237}"
EndProject
Project("{FAE04EC0-301F-11D3-BF4B-00C04F79EFBC}") = "clang-cs", "prod\clang-cs\clang-cs.csproj", "{26E061A9-DA84-47CD-A9E7-868F1F26F568}"
EndProject
Project("{2150E333-8FDC-42A3-9474-1A3956D46DE8}") = "prod", "prod", "{0B6FBBF3-28F7-4374-9CDD-3C8B1DFD2AB8}"
EndProject
Project("{2150E333-8FDC-42A3-9474-1A3956D46DE8}") = "examples", "examples", "{E5C474A9-491B-4719-B253-09F93D5CEA5B}"
EndProject
Project("{FAE04EC0-301F-11D3-BF4B-00C04F79EFBC}") = "clang-c", "prod\clang-c\clang-c.csproj", "{F7949436-2F7D-45F6-9C4E-D5F9027EF24B}"
EndProject
Project("{2150E333-8FDC-42A3-9474-1A3956D46DE8}") = "flecs", "flecs", "{9DF4EA4F-7358-4EC3-BFB0-DE25E5E6DE6E}"
EndProject
Project("{FAE04EC0-301F-11D3-BF4B-00C04F79EFBC}") = "flecs-01_helloworld", "examples\flecs\flecs-01_helloworld\flecs-01_helloworld.csproj", "{D67EFBBE-F6DE-4F54-8EE1-07C04E1C3439}"
EndProject
Project("{FAE04EC0-301F-11D3-BF4B-00C04F79EFBC}") = "flecs-c", "examples\flecs\flecs-c\flecs-c.csproj", "{E264514C-A7C3-45DC-9C8A-BB5459034CF5}"
EndProject
Project("{FAE04EC0-301F-11D3-BF4B-00C04F79EFBC}") = "flecs-cs", "examples\flecs\flecs-cs\flecs-cs.csproj", "{5F632788-114C-4026-ABDF-1FD03065AE33}"
EndProject
Project("{2150E333-8FDC-42A3-9474-1A3956D46DE8}") = "sokol", "sokol", "{EC416E23-16BC-4F0A-B2CE-E1AF13417A86}"
EndProject
Project("{FAE04EC0-301F-11D3-BF4B-00C04F79EFBC}") = "sokol-c", "examples\sokol\sokol-c\sokol-c.csproj", "{5151C146-0C97-4EFE-BE88-B7E7D4EA38A1}"
EndProject
Project("{FAE04EC0-301F-11D3-BF4B-00C04F79EFBC}") = "sokol-cs", "examples\sokol\sokol-cs\sokol-cs.csproj", "{6E133DC4-AE87-4F29-9E13-B101B8B1F2DC}"
EndProject
Project("{FAE04EC0-301F-11D3-BF4B-00C04F79EFBC}") = "sokol-01_clear", "examples\sokol\sokol-01_clear\sokol-01_clear.csproj", "{FB110092-CCD1-413B-98BC-51BCC39F6E89}"
EndProject
Project("{2150E333-8FDC-42A3-9474-1A3956D46DE8}") = "helloworld", "helloworld", "{69316361-0268-46E8-ADE6-89102DEB3166}"
EndProject
Project("{FAE04EC0-301F-11D3-BF4B-00C04F79EFBC}") = "helloworld-c", "examples\helloworld\helloworld-c\helloworld-c.csproj", "{1DD50076-2E66-4EC4-99AA-D8F2539EF48D}"
EndProject
Project("{FAE04EC0-301F-11D3-BF4B-00C04F79EFBC}") = "helloworld-cs", "examples\helloworld\helloworld-cs\helloworld-cs.csproj", "{3549CD6F-971A-4456-8F80-EFC826AECC04}"
EndProject
Project("{FAE04EC0-301F-11D3-BF4B-00C04F79EFBC}") = "C2CS.Runtime", "prod\C2CS.Runtime\C2CS.Runtime.csproj", "{AE51E4C1-540B-4923-95BE-FCC9DC23DFAB}"
EndProject
Project("{FAE04EC0-301F-11D3-BF4B-00C04F79EFBC}") = "flecs-02_simple_system", "examples\flecs\flecs-02_simple_system\flecs-02_simple_system.csproj", "{F70479E3-89C6-4B14-8366-549D0F9E9781}"
EndProject
Project("{FAE04EC0-301F-11D3-BF4B-00C04F79EFBC}") = "flecs-03_move_system", "examples\flecs\flecs-03_move_system\flecs-03_move_system.csproj", "{67B80DF3-C867-4197-B5B6-6B695FD17DE9}"
EndProject
Project("{2150E333-8FDC-42A3-9474-1A3956D46DE8}") = "libuv", "libuv", "{A29D2E9C-40E8-472D-8849-31D030CB7919}"
EndProject
Project("{FAE04EC0-301F-11D3-BF4B-00C04F79EFBC}") = "libuv-c", "examples\libuv\libuv-c\libuv-c.csproj", "{8788992D-4F3D-4FD5-8C22-FAC502CC9594}"
EndProject
Project("{FAE04EC0-301F-11D3-BF4B-00C04F79EFBC}") = "libuv-cs", "examples\libuv\libuv-cs\libuv-cs.csproj", "{2C08BAC7-43B8-4727-9B46-66F10F65FA97}"
EndProject
Project("{FAE04EC0-301F-11D3-BF4B-00C04F79EFBC}") = "libuv-01_helloworld", "examples\libuv\libuv-01_helloworld\libuv-01_helloworld.csproj", "{3E632E2B-0FC4-4946-BEED-911796CCC34D}"
EndProject
Project("{FAE04EC0-301F-11D3-BF4B-00C04F79EFBC}") = "libuv-02_tick", "examples\libuv\libuv-02_tick\libuv-02_tick.csproj", "{D137A27B-4C75-4EFC-8AE5-9270997A5DE8}"
EndProject
Project("{FAE04EC0-301F-11D3-BF4B-00C04F79EFBC}") = "flecs-04_simple_module", "examples\flecs\flecs-04_simple_module\flecs-04_simple_module.csproj", "{B1FA7B9B-9871-4670-ADFD-F06231181CCC}"
EndProject
Project("{2150E333-8FDC-42A3-9474-1A3956D46DE8}") = "sdl", "sdl", "{71D78358-5C45-49BF-ABBF-326548C90C74}"
EndProject
Project("{FAE04EC0-301F-11D3-BF4B-00C04F79EFBC}") = "sdl-c", "examples\sdl\sdl-c\sdl-c.csproj", "{68AA668B-4080-4167-9D96-E35394229110}"
EndProject
Project("{FAE04EC0-301F-11D3-BF4B-00C04F79EFBC}") = "sdl-cs", "examples\sdl\sdl-cs\sdl-cs.csproj", "{4180583D-B310-4C97-AC63-534EFA113DAA}"
EndProject
Project("{FAE04EC0-301F-11D3-BF4B-00C04F79EFBC}") = "sdl-01_helloworld", "examples\sdl\sdl-01_helloworld\sdl-01_helloworld.csproj", "{1E67D542-2D9F-4F10-AB63-DC646DDBCE4D}"
EndProject
Project("{FAE04EC0-301F-11D3-BF4B-00C04F79EFBC}") = "C2CS.Tests", "tests\C2CS.Tests\C2CS.Tests.csproj", "{56FB9A17-917E-432A-9F59-72A525B34243}"
EndProject
Project("{2150E333-8FDC-42A3-9474-1A3956D46DE8}") = "tests", "tests", "{5B6767F7-39EE-4C39-8B69-85BDEF56744B}"
EndProject
Global
	GlobalSection(SolutionConfigurationPlatforms) = preSolution
		Debug|Any CPU = Debug|Any CPU
		Release|Any CPU = Release|Any CPU
	EndGlobalSection
	GlobalSection(ProjectConfigurationPlatforms) = postSolution
		{579857C9-5374-458A-84E0-0564ECA99237}.Debug|Any CPU.ActiveCfg = Debug|Any CPU
		{579857C9-5374-458A-84E0-0564ECA99237}.Debug|Any CPU.Build.0 = Debug|Any CPU
		{579857C9-5374-458A-84E0-0564ECA99237}.Release|Any CPU.ActiveCfg = Release|Any CPU
		{579857C9-5374-458A-84E0-0564ECA99237}.Release|Any CPU.Build.0 = Release|Any CPU
		{26E061A9-DA84-47CD-A9E7-868F1F26F568}.Debug|Any CPU.ActiveCfg = Debug|Any CPU
		{26E061A9-DA84-47CD-A9E7-868F1F26F568}.Debug|Any CPU.Build.0 = Debug|Any CPU
		{26E061A9-DA84-47CD-A9E7-868F1F26F568}.Release|Any CPU.ActiveCfg = Release|Any CPU
		{26E061A9-DA84-47CD-A9E7-868F1F26F568}.Release|Any CPU.Build.0 = Release|Any CPU
		{F7949436-2F7D-45F6-9C4E-D5F9027EF24B}.Debug|Any CPU.ActiveCfg = Debug|Any CPU
		{F7949436-2F7D-45F6-9C4E-D5F9027EF24B}.Debug|Any CPU.Build.0 = Debug|Any CPU
		{F7949436-2F7D-45F6-9C4E-D5F9027EF24B}.Release|Any CPU.ActiveCfg = Release|Any CPU
		{F7949436-2F7D-45F6-9C4E-D5F9027EF24B}.Release|Any CPU.Build.0 = Release|Any CPU
		{D67EFBBE-F6DE-4F54-8EE1-07C04E1C3439}.Debug|Any CPU.ActiveCfg = Debug|Any CPU
		{D67EFBBE-F6DE-4F54-8EE1-07C04E1C3439}.Debug|Any CPU.Build.0 = Debug|Any CPU
		{D67EFBBE-F6DE-4F54-8EE1-07C04E1C3439}.Release|Any CPU.ActiveCfg = Release|Any CPU
		{D67EFBBE-F6DE-4F54-8EE1-07C04E1C3439}.Release|Any CPU.Build.0 = Release|Any CPU
		{E264514C-A7C3-45DC-9C8A-BB5459034CF5}.Debug|Any CPU.ActiveCfg = Debug|Any CPU
		{E264514C-A7C3-45DC-9C8A-BB5459034CF5}.Debug|Any CPU.Build.0 = Debug|Any CPU
		{E264514C-A7C3-45DC-9C8A-BB5459034CF5}.Release|Any CPU.ActiveCfg = Release|Any CPU
		{E264514C-A7C3-45DC-9C8A-BB5459034CF5}.Release|Any CPU.Build.0 = Release|Any CPU
		{5F632788-114C-4026-ABDF-1FD03065AE33}.Debug|Any CPU.ActiveCfg = Debug|Any CPU
		{5F632788-114C-4026-ABDF-1FD03065AE33}.Debug|Any CPU.Build.0 = Debug|Any CPU
		{5F632788-114C-4026-ABDF-1FD03065AE33}.Release|Any CPU.ActiveCfg = Release|Any CPU
		{5F632788-114C-4026-ABDF-1FD03065AE33}.Release|Any CPU.Build.0 = Release|Any CPU
		{5151C146-0C97-4EFE-BE88-B7E7D4EA38A1}.Debug|Any CPU.ActiveCfg = Debug|Any CPU
		{5151C146-0C97-4EFE-BE88-B7E7D4EA38A1}.Debug|Any CPU.Build.0 = Debug|Any CPU
		{5151C146-0C97-4EFE-BE88-B7E7D4EA38A1}.Release|Any CPU.ActiveCfg = Release|Any CPU
		{5151C146-0C97-4EFE-BE88-B7E7D4EA38A1}.Release|Any CPU.Build.0 = Release|Any CPU
		{6E133DC4-AE87-4F29-9E13-B101B8B1F2DC}.Debug|Any CPU.ActiveCfg = Debug|Any CPU
		{6E133DC4-AE87-4F29-9E13-B101B8B1F2DC}.Debug|Any CPU.Build.0 = Debug|Any CPU
		{6E133DC4-AE87-4F29-9E13-B101B8B1F2DC}.Release|Any CPU.ActiveCfg = Release|Any CPU
		{6E133DC4-AE87-4F29-9E13-B101B8B1F2DC}.Release|Any CPU.Build.0 = Release|Any CPU
		{FB110092-CCD1-413B-98BC-51BCC39F6E89}.Debug|Any CPU.ActiveCfg = Debug|Any CPU
		{FB110092-CCD1-413B-98BC-51BCC39F6E89}.Debug|Any CPU.Build.0 = Debug|Any CPU
		{FB110092-CCD1-413B-98BC-51BCC39F6E89}.Release|Any CPU.ActiveCfg = Release|Any CPU
		{FB110092-CCD1-413B-98BC-51BCC39F6E89}.Release|Any CPU.Build.0 = Release|Any CPU
		{1DD50076-2E66-4EC4-99AA-D8F2539EF48D}.Debug|Any CPU.ActiveCfg = Debug|Any CPU
		{1DD50076-2E66-4EC4-99AA-D8F2539EF48D}.Debug|Any CPU.Build.0 = Debug|Any CPU
		{1DD50076-2E66-4EC4-99AA-D8F2539EF48D}.Release|Any CPU.ActiveCfg = Release|Any CPU
		{1DD50076-2E66-4EC4-99AA-D8F2539EF48D}.Release|Any CPU.Build.0 = Release|Any CPU
		{3549CD6F-971A-4456-8F80-EFC826AECC04}.Debug|Any CPU.ActiveCfg = Debug|Any CPU
		{3549CD6F-971A-4456-8F80-EFC826AECC04}.Debug|Any CPU.Build.0 = Debug|Any CPU
		{3549CD6F-971A-4456-8F80-EFC826AECC04}.Release|Any CPU.ActiveCfg = Release|Any CPU
		{3549CD6F-971A-4456-8F80-EFC826AECC04}.Release|Any CPU.Build.0 = Release|Any CPU
		{AE51E4C1-540B-4923-95BE-FCC9DC23DFAB}.Debug|Any CPU.ActiveCfg = Debug|Any CPU
		{AE51E4C1-540B-4923-95BE-FCC9DC23DFAB}.Debug|Any CPU.Build.0 = Debug|Any CPU
		{AE51E4C1-540B-4923-95BE-FCC9DC23DFAB}.Release|Any CPU.ActiveCfg = Release|Any CPU
		{AE51E4C1-540B-4923-95BE-FCC9DC23DFAB}.Release|Any CPU.Build.0 = Release|Any CPU
		{F70479E3-89C6-4B14-8366-549D0F9E9781}.Debug|Any CPU.ActiveCfg = Debug|Any CPU
		{F70479E3-89C6-4B14-8366-549D0F9E9781}.Debug|Any CPU.Build.0 = Debug|Any CPU
		{F70479E3-89C6-4B14-8366-549D0F9E9781}.Release|Any CPU.ActiveCfg = Release|Any CPU
		{F70479E3-89C6-4B14-8366-549D0F9E9781}.Release|Any CPU.Build.0 = Release|Any CPU
		{67B80DF3-C867-4197-B5B6-6B695FD17DE9}.Debug|Any CPU.ActiveCfg = Debug|Any CPU
		{67B80DF3-C867-4197-B5B6-6B695FD17DE9}.Debug|Any CPU.Build.0 = Debug|Any CPU
		{67B80DF3-C867-4197-B5B6-6B695FD17DE9}.Release|Any CPU.ActiveCfg = Release|Any CPU
		{67B80DF3-C867-4197-B5B6-6B695FD17DE9}.Release|Any CPU.Build.0 = Release|Any CPU
		{8788992D-4F3D-4FD5-8C22-FAC502CC9594}.Debug|Any CPU.ActiveCfg = Debug|Any CPU
		{8788992D-4F3D-4FD5-8C22-FAC502CC9594}.Debug|Any CPU.Build.0 = Debug|Any CPU
		{8788992D-4F3D-4FD5-8C22-FAC502CC9594}.Release|Any CPU.ActiveCfg = Release|Any CPU
		{8788992D-4F3D-4FD5-8C22-FAC502CC9594}.Release|Any CPU.Build.0 = Release|Any CPU
		{2C08BAC7-43B8-4727-9B46-66F10F65FA97}.Debug|Any CPU.ActiveCfg = Debug|Any CPU
		{2C08BAC7-43B8-4727-9B46-66F10F65FA97}.Debug|Any CPU.Build.0 = Debug|Any CPU
		{2C08BAC7-43B8-4727-9B46-66F10F65FA97}.Release|Any CPU.ActiveCfg = Release|Any CPU
		{2C08BAC7-43B8-4727-9B46-66F10F65FA97}.Release|Any CPU.Build.0 = Release|Any CPU
		{3E632E2B-0FC4-4946-BEED-911796CCC34D}.Debug|Any CPU.ActiveCfg = Debug|Any CPU
		{3E632E2B-0FC4-4946-BEED-911796CCC34D}.Debug|Any CPU.Build.0 = Debug|Any CPU
		{3E632E2B-0FC4-4946-BEED-911796CCC34D}.Release|Any CPU.ActiveCfg = Release|Any CPU
		{3E632E2B-0FC4-4946-BEED-911796CCC34D}.Release|Any CPU.Build.0 = Release|Any CPU
		{D137A27B-4C75-4EFC-8AE5-9270997A5DE8}.Debug|Any CPU.ActiveCfg = Debug|Any CPU
		{D137A27B-4C75-4EFC-8AE5-9270997A5DE8}.Debug|Any CPU.Build.0 = Debug|Any CPU
		{D137A27B-4C75-4EFC-8AE5-9270997A5DE8}.Release|Any CPU.ActiveCfg = Release|Any CPU
		{D137A27B-4C75-4EFC-8AE5-9270997A5DE8}.Release|Any CPU.Build.0 = Release|Any CPU
		{B1FA7B9B-9871-4670-ADFD-F06231181CCC}.Debug|Any CPU.ActiveCfg = Debug|Any CPU
		{B1FA7B9B-9871-4670-ADFD-F06231181CCC}.Debug|Any CPU.Build.0 = Debug|Any CPU
		{B1FA7B9B-9871-4670-ADFD-F06231181CCC}.Release|Any CPU.ActiveCfg = Release|Any CPU
		{B1FA7B9B-9871-4670-ADFD-F06231181CCC}.Release|Any CPU.Build.0 = Release|Any CPU
		{68AA668B-4080-4167-9D96-E35394229110}.Debug|Any CPU.ActiveCfg = Debug|Any CPU
		{68AA668B-4080-4167-9D96-E35394229110}.Debug|Any CPU.Build.0 = Debug|Any CPU
		{68AA668B-4080-4167-9D96-E35394229110}.Release|Any CPU.ActiveCfg = Release|Any CPU
		{68AA668B-4080-4167-9D96-E35394229110}.Release|Any CPU.Build.0 = Release|Any CPU
		{4180583D-B310-4C97-AC63-534EFA113DAA}.Debug|Any CPU.ActiveCfg = Debug|Any CPU
		{4180583D-B310-4C97-AC63-534EFA113DAA}.Debug|Any CPU.Build.0 = Debug|Any CPU
		{4180583D-B310-4C97-AC63-534EFA113DAA}.Release|Any CPU.ActiveCfg = Release|Any CPU
		{4180583D-B310-4C97-AC63-534EFA113DAA}.Release|Any CPU.Build.0 = Release|Any CPU
		{1E67D542-2D9F-4F10-AB63-DC646DDBCE4D}.Debug|Any CPU.ActiveCfg = Debug|Any CPU
		{1E67D542-2D9F-4F10-AB63-DC646DDBCE4D}.Debug|Any CPU.Build.0 = Debug|Any CPU
		{1E67D542-2D9F-4F10-AB63-DC646DDBCE4D}.Release|Any CPU.ActiveCfg = Release|Any CPU
		{1E67D542-2D9F-4F10-AB63-DC646DDBCE4D}.Release|Any CPU.Build.0 = Release|Any CPU
		{56FB9A17-917E-432A-9F59-72A525B34243}.Debug|Any CPU.ActiveCfg = Debug|Any CPU
		{56FB9A17-917E-432A-9F59-72A525B34243}.Debug|Any CPU.Build.0 = Debug|Any CPU
		{56FB9A17-917E-432A-9F59-72A525B34243}.Release|Any CPU.ActiveCfg = Release|Any CPU
		{56FB9A17-917E-432A-9F59-72A525B34243}.Release|Any CPU.Build.0 = Release|Any CPU
	EndGlobalSection
	GlobalSection(NestedProjects) = preSolution
		{579857C9-5374-458A-84E0-0564ECA99237} = {0B6FBBF3-28F7-4374-9CDD-3C8B1DFD2AB8}
		{26E061A9-DA84-47CD-A9E7-868F1F26F568} = {0B6FBBF3-28F7-4374-9CDD-3C8B1DFD2AB8}
		{F7949436-2F7D-45F6-9C4E-D5F9027EF24B} = {0B6FBBF3-28F7-4374-9CDD-3C8B1DFD2AB8}
		{9DF4EA4F-7358-4EC3-BFB0-DE25E5E6DE6E} = {E5C474A9-491B-4719-B253-09F93D5CEA5B}
		{D67EFBBE-F6DE-4F54-8EE1-07C04E1C3439} = {9DF4EA4F-7358-4EC3-BFB0-DE25E5E6DE6E}
		{E264514C-A7C3-45DC-9C8A-BB5459034CF5} = {9DF4EA4F-7358-4EC3-BFB0-DE25E5E6DE6E}
		{5F632788-114C-4026-ABDF-1FD03065AE33} = {9DF4EA4F-7358-4EC3-BFB0-DE25E5E6DE6E}
		{EC416E23-16BC-4F0A-B2CE-E1AF13417A86} = {E5C474A9-491B-4719-B253-09F93D5CEA5B}
		{5151C146-0C97-4EFE-BE88-B7E7D4EA38A1} = {EC416E23-16BC-4F0A-B2CE-E1AF13417A86}
		{6E133DC4-AE87-4F29-9E13-B101B8B1F2DC} = {EC416E23-16BC-4F0A-B2CE-E1AF13417A86}
		{FB110092-CCD1-413B-98BC-51BCC39F6E89} = {EC416E23-16BC-4F0A-B2CE-E1AF13417A86}
		{69316361-0268-46E8-ADE6-89102DEB3166} = {E5C474A9-491B-4719-B253-09F93D5CEA5B}
		{1DD50076-2E66-4EC4-99AA-D8F2539EF48D} = {69316361-0268-46E8-ADE6-89102DEB3166}
		{3549CD6F-971A-4456-8F80-EFC826AECC04} = {69316361-0268-46E8-ADE6-89102DEB3166}
		{AE51E4C1-540B-4923-95BE-FCC9DC23DFAB} = {0B6FBBF3-28F7-4374-9CDD-3C8B1DFD2AB8}
		{F70479E3-89C6-4B14-8366-549D0F9E9781} = {9DF4EA4F-7358-4EC3-BFB0-DE25E5E6DE6E}
		{67B80DF3-C867-4197-B5B6-6B695FD17DE9} = {9DF4EA4F-7358-4EC3-BFB0-DE25E5E6DE6E}
		{A29D2E9C-40E8-472D-8849-31D030CB7919} = {E5C474A9-491B-4719-B253-09F93D5CEA5B}
		{8788992D-4F3D-4FD5-8C22-FAC502CC9594} = {A29D2E9C-40E8-472D-8849-31D030CB7919}
		{2C08BAC7-43B8-4727-9B46-66F10F65FA97} = {A29D2E9C-40E8-472D-8849-31D030CB7919}
		{3E632E2B-0FC4-4946-BEED-911796CCC34D} = {A29D2E9C-40E8-472D-8849-31D030CB7919}
		{D137A27B-4C75-4EFC-8AE5-9270997A5DE8} = {A29D2E9C-40E8-472D-8849-31D030CB7919}
		{B1FA7B9B-9871-4670-ADFD-F06231181CCC} = {9DF4EA4F-7358-4EC3-BFB0-DE25E5E6DE6E}
		{71D78358-5C45-49BF-ABBF-326548C90C74} = {E5C474A9-491B-4719-B253-09F93D5CEA5B}
		{68AA668B-4080-4167-9D96-E35394229110} = {71D78358-5C45-49BF-ABBF-326548C90C74}
		{4180583D-B310-4C97-AC63-534EFA113DAA} = {71D78358-5C45-49BF-ABBF-326548C90C74}
		{1E67D542-2D9F-4F10-AB63-DC646DDBCE4D} = {71D78358-5C45-49BF-ABBF-326548C90C74}
		{56FB9A17-917E-432A-9F59-72A525B34243} = {5B6767F7-39EE-4C39-8B69-85BDEF56744B}
	EndGlobalSection
EndGlobal
