
Microsoft Visual Studio Solution File, Format Version 12.00
Project("{2150E333-8FDC-42A3-9474-1A3956D46DE8}") = "production", "production", "{0B6FBBF3-28F7-4374-9CDD-3C8B1DFD2AB8}"
EndProject
Project("{2150E333-8FDC-42A3-9474-1A3956D46DE8}") = "examples", "examples", "{E5C474A9-491B-4719-B253-09F93D5CEA5B}"
EndProject
Project("{2150E333-8FDC-42A3-9474-1A3956D46DE8}") = "flecs", "flecs", "{9DF4EA4F-7358-4EC3-BFB0-DE25E5E6DE6E}"
EndProject
Project("{FAE04EC0-301F-11D3-BF4B-00C04F79EFBC}") = "flecs-01_helloworld", "src\cs\examples\flecs\flecs-01_helloworld\flecs-01_helloworld.csproj", "{D67EFBBE-F6DE-4F54-8EE1-07C04E1C3439}"
EndProject
Project("{FAE04EC0-301F-11D3-BF4B-00C04F79EFBC}") = "flecs-c", "src\cs\examples\flecs\flecs-c\flecs-c.csproj", "{E264514C-A7C3-45DC-9C8A-BB5459034CF5}"
EndProject
Project("{FAE04EC0-301F-11D3-BF4B-00C04F79EFBC}") = "flecs-cs", "src\cs\examples\flecs\flecs-cs\flecs-cs.csproj", "{5F632788-114C-4026-ABDF-1FD03065AE33}"
EndProject
Project("{2150E333-8FDC-42A3-9474-1A3956D46DE8}") = "helloworld", "helloworld", "{69316361-0268-46E8-ADE6-89102DEB3166}"
EndProject
Project("{FAE04EC0-301F-11D3-BF4B-00C04F79EFBC}") = "helloworld-c", "src\cs\examples\helloworld\helloworld-c\helloworld-c.csproj", "{1DD50076-2E66-4EC4-99AA-D8F2539EF48D}"
EndProject
Project("{FAE04EC0-301F-11D3-BF4B-00C04F79EFBC}") = "helloworld-cs", "src\cs\examples\helloworld\helloworld-cs\helloworld-cs.csproj", "{3549CD6F-971A-4456-8F80-EFC826AECC04}"
EndProject
Project("{FAE04EC0-301F-11D3-BF4B-00C04F79EFBC}") = "flecs-02_simple_system", "src\cs\examples\flecs\flecs-02_simple_system\flecs-02_simple_system.csproj", "{F70479E3-89C6-4B14-8366-549D0F9E9781}"
EndProject
Project("{FAE04EC0-301F-11D3-BF4B-00C04F79EFBC}") = "flecs-03_move_system", "src\cs\examples\flecs\flecs-03_move_system\flecs-03_move_system.csproj", "{67B80DF3-C867-4197-B5B6-6B695FD17DE9}"
EndProject
Project("{2150E333-8FDC-42A3-9474-1A3956D46DE8}") = "libuv", "libuv", "{A29D2E9C-40E8-472D-8849-31D030CB7919}"
EndProject
Project("{FAE04EC0-301F-11D3-BF4B-00C04F79EFBC}") = "libuv-c", "src\cs\examples\libuv\libuv-c\libuv-c.csproj", "{8788992D-4F3D-4FD5-8C22-FAC502CC9594}"
EndProject
Project("{FAE04EC0-301F-11D3-BF4B-00C04F79EFBC}") = "libuv-cs", "src\cs\examples\libuv\libuv-cs\libuv-cs.csproj", "{2C08BAC7-43B8-4727-9B46-66F10F65FA97}"
EndProject
Project("{FAE04EC0-301F-11D3-BF4B-00C04F79EFBC}") = "libuv-01_helloworld", "src\cs\examples\libuv\libuv-01_helloworld\libuv-01_helloworld.csproj", "{3E632E2B-0FC4-4946-BEED-911796CCC34D}"
EndProject
Project("{FAE04EC0-301F-11D3-BF4B-00C04F79EFBC}") = "libuv-02_tick", "src\cs\examples\libuv\libuv-02_tick\libuv-02_tick.csproj", "{D137A27B-4C75-4EFC-8AE5-9270997A5DE8}"
EndProject
Project("{FAE04EC0-301F-11D3-BF4B-00C04F79EFBC}") = "flecs-04_simple_module", "src\cs\examples\flecs\flecs-04_simple_module\flecs-04_simple_module.csproj", "{B1FA7B9B-9871-4670-ADFD-F06231181CCC}"
EndProject
Project("{FAE04EC0-301F-11D3-BF4B-00C04F79EFBC}") = "clang-cs", "src\cs\production\clang-cs\clang-cs.csproj", "{D22C766F-7E8B-4E81-899E-6CA1E624779B}"
EndProject
Project("{FAE04EC0-301F-11D3-BF4B-00C04F79EFBC}") = "clang-c", "src\cs\production\clang-c\clang-c.csproj", "{2CF10B9A-7845-4DB7-9B02-75D62A4DABA4}"
EndProject
Project("{FAE04EC0-301F-11D3-BF4B-00C04F79EFBC}") = "C2CS", "src\cs\production\C2CS\C2CS.csproj", "{2E53A130-519C-4C5F-8D76-86CEA17A160F}"
EndProject
Project("{FAE04EC0-301F-11D3-BF4B-00C04F79EFBC}") = "C2CS.Runtime", "src\cs\production\C2CS.Runtime\C2CS.Runtime.csproj", "{16C004F6-755D-4976-9EEB-A61BE1223AF2}"
EndProject
Global
	GlobalSection(SolutionConfigurationPlatforms) = preSolution
		Debug|Any CPU = Debug|Any CPU
		Release|Any CPU = Release|Any CPU
	EndGlobalSection
	GlobalSection(ProjectConfigurationPlatforms) = postSolution
		{D67EFBBE-F6DE-4F54-8EE1-07C04E1C3439}.Debug|Any CPU.ActiveCfg = Debug|Any CPU
		{D67EFBBE-F6DE-4F54-8EE1-07C04E1C3439}.Debug|Any CPU.Build.0 = Debug|Any CPU
		{D67EFBBE-F6DE-4F54-8EE1-07C04E1C3439}.Release|Any CPU.ActiveCfg = Release|Any CPU
		{D67EFBBE-F6DE-4F54-8EE1-07C04E1C3439}.Release|Any CPU.Build.0 = Release|Any CPU
		{E264514C-A7C3-45DC-9C8A-BB5459034CF5}.Debug|Any CPU.ActiveCfg = Debug|Any CPU
		{E264514C-A7C3-45DC-9C8A-BB5459034CF5}.Debug|Any CPU.Build.0 = Debug|Any CPU
		{E264514C-A7C3-45DC-9C8A-BB5459034CF5}.Release|Any CPU.ActiveCfg = Release|Any CPU
		{E264514C-A7C3-45DC-9C8A-BB5459034CF5}.Release|Any CPU.Build.0 = Release|Any CPU
		{5F632788-114C-4026-ABDF-1FD03065AE33}.Debug|Any CPU.ActiveCfg = Debug|Any CPU
		{5F632788-114C-4026-ABDF-1FD03065AE33}.Debug|Any CPU.Build.0 = Debug|Any CPU
		{5F632788-114C-4026-ABDF-1FD03065AE33}.Release|Any CPU.ActiveCfg = Release|Any CPU
		{5F632788-114C-4026-ABDF-1FD03065AE33}.Release|Any CPU.Build.0 = Release|Any CPU
		{1DD50076-2E66-4EC4-99AA-D8F2539EF48D}.Debug|Any CPU.ActiveCfg = Debug|Any CPU
		{1DD50076-2E66-4EC4-99AA-D8F2539EF48D}.Debug|Any CPU.Build.0 = Debug|Any CPU
		{1DD50076-2E66-4EC4-99AA-D8F2539EF48D}.Release|Any CPU.ActiveCfg = Release|Any CPU
		{1DD50076-2E66-4EC4-99AA-D8F2539EF48D}.Release|Any CPU.Build.0 = Release|Any CPU
		{3549CD6F-971A-4456-8F80-EFC826AECC04}.Debug|Any CPU.ActiveCfg = Debug|Any CPU
		{3549CD6F-971A-4456-8F80-EFC826AECC04}.Debug|Any CPU.Build.0 = Debug|Any CPU
		{3549CD6F-971A-4456-8F80-EFC826AECC04}.Release|Any CPU.ActiveCfg = Release|Any CPU
		{3549CD6F-971A-4456-8F80-EFC826AECC04}.Release|Any CPU.Build.0 = Release|Any CPU
		{F70479E3-89C6-4B14-8366-549D0F9E9781}.Debug|Any CPU.ActiveCfg = Debug|Any CPU
		{F70479E3-89C6-4B14-8366-549D0F9E9781}.Debug|Any CPU.Build.0 = Debug|Any CPU
		{F70479E3-89C6-4B14-8366-549D0F9E9781}.Release|Any CPU.ActiveCfg = Release|Any CPU
		{F70479E3-89C6-4B14-8366-549D0F9E9781}.Release|Any CPU.Build.0 = Release|Any CPU
		{67B80DF3-C867-4197-B5B6-6B695FD17DE9}.Debug|Any CPU.ActiveCfg = Debug|Any CPU
		{67B80DF3-C867-4197-B5B6-6B695FD17DE9}.Debug|Any CPU.Build.0 = Debug|Any CPU
		{67B80DF3-C867-4197-B5B6-6B695FD17DE9}.Release|Any CPU.ActiveCfg = Release|Any CPU
		{67B80DF3-C867-4197-B5B6-6B695FD17DE9}.Release|Any CPU.Build.0 = Release|Any CPU
		{8788992D-4F3D-4FD5-8C22-FAC502CC9594}.Debug|Any CPU.ActiveCfg = Debug|Any CPU
		{8788992D-4F3D-4FD5-8C22-FAC502CC9594}.Debug|Any CPU.Build.0 = Debug|Any CPU
		{8788992D-4F3D-4FD5-8C22-FAC502CC9594}.Release|Any CPU.ActiveCfg = Release|Any CPU
		{8788992D-4F3D-4FD5-8C22-FAC502CC9594}.Release|Any CPU.Build.0 = Release|Any CPU
		{2C08BAC7-43B8-4727-9B46-66F10F65FA97}.Debug|Any CPU.ActiveCfg = Debug|Any CPU
		{2C08BAC7-43B8-4727-9B46-66F10F65FA97}.Debug|Any CPU.Build.0 = Debug|Any CPU
		{2C08BAC7-43B8-4727-9B46-66F10F65FA97}.Release|Any CPU.ActiveCfg = Release|Any CPU
		{2C08BAC7-43B8-4727-9B46-66F10F65FA97}.Release|Any CPU.Build.0 = Release|Any CPU
		{3E632E2B-0FC4-4946-BEED-911796CCC34D}.Debug|Any CPU.ActiveCfg = Debug|Any CPU
		{3E632E2B-0FC4-4946-BEED-911796CCC34D}.Debug|Any CPU.Build.0 = Debug|Any CPU
		{3E632E2B-0FC4-4946-BEED-911796CCC34D}.Release|Any CPU.ActiveCfg = Release|Any CPU
		{3E632E2B-0FC4-4946-BEED-911796CCC34D}.Release|Any CPU.Build.0 = Release|Any CPU
		{D137A27B-4C75-4EFC-8AE5-9270997A5DE8}.Debug|Any CPU.ActiveCfg = Debug|Any CPU
		{D137A27B-4C75-4EFC-8AE5-9270997A5DE8}.Debug|Any CPU.Build.0 = Debug|Any CPU
		{D137A27B-4C75-4EFC-8AE5-9270997A5DE8}.Release|Any CPU.ActiveCfg = Release|Any CPU
		{D137A27B-4C75-4EFC-8AE5-9270997A5DE8}.Release|Any CPU.Build.0 = Release|Any CPU
		{B1FA7B9B-9871-4670-ADFD-F06231181CCC}.Debug|Any CPU.ActiveCfg = Debug|Any CPU
		{B1FA7B9B-9871-4670-ADFD-F06231181CCC}.Debug|Any CPU.Build.0 = Debug|Any CPU
		{B1FA7B9B-9871-4670-ADFD-F06231181CCC}.Release|Any CPU.ActiveCfg = Release|Any CPU
		{B1FA7B9B-9871-4670-ADFD-F06231181CCC}.Release|Any CPU.Build.0 = Release|Any CPU
		{D22C766F-7E8B-4E81-899E-6CA1E624779B}.Debug|Any CPU.ActiveCfg = Debug|Any CPU
		{D22C766F-7E8B-4E81-899E-6CA1E624779B}.Debug|Any CPU.Build.0 = Debug|Any CPU
		{D22C766F-7E8B-4E81-899E-6CA1E624779B}.Release|Any CPU.ActiveCfg = Release|Any CPU
		{D22C766F-7E8B-4E81-899E-6CA1E624779B}.Release|Any CPU.Build.0 = Release|Any CPU
		{2CF10B9A-7845-4DB7-9B02-75D62A4DABA4}.Debug|Any CPU.ActiveCfg = Debug|Any CPU
		{2CF10B9A-7845-4DB7-9B02-75D62A4DABA4}.Debug|Any CPU.Build.0 = Debug|Any CPU
		{2CF10B9A-7845-4DB7-9B02-75D62A4DABA4}.Release|Any CPU.ActiveCfg = Release|Any CPU
		{2CF10B9A-7845-4DB7-9B02-75D62A4DABA4}.Release|Any CPU.Build.0 = Release|Any CPU
		{2E53A130-519C-4C5F-8D76-86CEA17A160F}.Debug|Any CPU.ActiveCfg = Debug|Any CPU
		{2E53A130-519C-4C5F-8D76-86CEA17A160F}.Debug|Any CPU.Build.0 = Debug|Any CPU
		{2E53A130-519C-4C5F-8D76-86CEA17A160F}.Release|Any CPU.ActiveCfg = Release|Any CPU
		{2E53A130-519C-4C5F-8D76-86CEA17A160F}.Release|Any CPU.Build.0 = Release|Any CPU
		{16C004F6-755D-4976-9EEB-A61BE1223AF2}.Debug|Any CPU.ActiveCfg = Debug|Any CPU
		{16C004F6-755D-4976-9EEB-A61BE1223AF2}.Debug|Any CPU.Build.0 = Debug|Any CPU
		{16C004F6-755D-4976-9EEB-A61BE1223AF2}.Release|Any CPU.ActiveCfg = Release|Any CPU
		{16C004F6-755D-4976-9EEB-A61BE1223AF2}.Release|Any CPU.Build.0 = Release|Any CPU
	EndGlobalSection
	GlobalSection(NestedProjects) = preSolution
		{9DF4EA4F-7358-4EC3-BFB0-DE25E5E6DE6E} = {E5C474A9-491B-4719-B253-09F93D5CEA5B}
		{D67EFBBE-F6DE-4F54-8EE1-07C04E1C3439} = {9DF4EA4F-7358-4EC3-BFB0-DE25E5E6DE6E}
		{E264514C-A7C3-45DC-9C8A-BB5459034CF5} = {9DF4EA4F-7358-4EC3-BFB0-DE25E5E6DE6E}
		{5F632788-114C-4026-ABDF-1FD03065AE33} = {9DF4EA4F-7358-4EC3-BFB0-DE25E5E6DE6E}
		{69316361-0268-46E8-ADE6-89102DEB3166} = {E5C474A9-491B-4719-B253-09F93D5CEA5B}
		{1DD50076-2E66-4EC4-99AA-D8F2539EF48D} = {69316361-0268-46E8-ADE6-89102DEB3166}
		{3549CD6F-971A-4456-8F80-EFC826AECC04} = {69316361-0268-46E8-ADE6-89102DEB3166}
		{F70479E3-89C6-4B14-8366-549D0F9E9781} = {9DF4EA4F-7358-4EC3-BFB0-DE25E5E6DE6E}
		{67B80DF3-C867-4197-B5B6-6B695FD17DE9} = {9DF4EA4F-7358-4EC3-BFB0-DE25E5E6DE6E}
		{A29D2E9C-40E8-472D-8849-31D030CB7919} = {E5C474A9-491B-4719-B253-09F93D5CEA5B}
		{8788992D-4F3D-4FD5-8C22-FAC502CC9594} = {A29D2E9C-40E8-472D-8849-31D030CB7919}
		{2C08BAC7-43B8-4727-9B46-66F10F65FA97} = {A29D2E9C-40E8-472D-8849-31D030CB7919}
		{3E632E2B-0FC4-4946-BEED-911796CCC34D} = {A29D2E9C-40E8-472D-8849-31D030CB7919}
		{D137A27B-4C75-4EFC-8AE5-9270997A5DE8} = {A29D2E9C-40E8-472D-8849-31D030CB7919}
		{B1FA7B9B-9871-4670-ADFD-F06231181CCC} = {9DF4EA4F-7358-4EC3-BFB0-DE25E5E6DE6E}
		{D22C766F-7E8B-4E81-899E-6CA1E624779B} = {0B6FBBF3-28F7-4374-9CDD-3C8B1DFD2AB8}
		{2CF10B9A-7845-4DB7-9B02-75D62A4DABA4} = {0B6FBBF3-28F7-4374-9CDD-3C8B1DFD2AB8}
		{2E53A130-519C-4C5F-8D76-86CEA17A160F} = {0B6FBBF3-28F7-4374-9CDD-3C8B1DFD2AB8}
		{16C004F6-755D-4976-9EEB-A61BE1223AF2} = {0B6FBBF3-28F7-4374-9CDD-3C8B1DFD2AB8}
	EndGlobalSection
EndGlobal
