
Microsoft Visual Studio Solution File, Format Version 12.00
Project("{2150E333-8FDC-42A3-9474-1A3956D46DE8}") = "production", "production", "{0B6FBBF3-28F7-4374-9CDD-3C8B1DFD2AB8}"
EndProject
Project("{2150E333-8FDC-42A3-9474-1A3956D46DE8}") = "examples", "examples", "{E5C474A9-491B-4719-B253-09F93D5CEA5B}"
EndProject
Project("{2150E333-8FDC-42A3-9474-1A3956D46DE8}") = "helloworld", "helloworld", "{69316361-0268-46E8-ADE6-89102DEB3166}"
EndProject
Project("{FAE04EC0-301F-11D3-BF4B-00C04F79EFBC}") = "helloworld-c", "src\cs\examples\helloworld\helloworld-c\helloworld-c.csproj", "{1DD50076-2E66-4EC4-99AA-D8F2539EF48D}"
EndProject
Project("{FAE04EC0-301F-11D3-BF4B-00C04F79EFBC}") = "helloworld-cs", "src\cs\examples\helloworld\helloworld-cs\helloworld-cs.csproj", "{3549CD6F-971A-4456-8F80-EFC826AECC04}"
EndProject
Project("{FAE04EC0-301F-11D3-BF4B-00C04F79EFBC}") = "clang-cs", "src\cs\production\clang-cs\clang-cs.csproj", "{D22C766F-7E8B-4E81-899E-6CA1E624779B}"
EndProject
Project("{FAE04EC0-301F-11D3-BF4B-00C04F79EFBC}") = "clang-c", "src\cs\production\clang-c\clang-c.csproj", "{2CF10B9A-7845-4DB7-9B02-75D62A4DABA4}"
EndProject
Project("{FAE04EC0-301F-11D3-BF4B-00C04F79EFBC}") = "C2CS", "src\cs\production\C2CS\C2CS.csproj", "{2E53A130-519C-4C5F-8D76-86CEA17A160F}"
EndProject
Project("{FAE04EC0-301F-11D3-BF4B-00C04F79EFBC}") = "C2CS.Runtime", "src\cs\production\C2CS.Runtime\C2CS.Runtime.csproj", "{16C004F6-755D-4976-9EEB-A61BE1223AF2}"
EndProject
Project("{FAE04EC0-301F-11D3-BF4B-00C04F79EFBC}") = "C2CS.Common", "src\cs\production\C2CS.Common\C2CS.Common.csproj", "{2B7BFB9A-E304-4855-ABEF-A4F426BC78F3}"
EndProject
Project("{FAE04EC0-301F-11D3-BF4B-00C04F79EFBC}") = "C2CS.Feature.BuildLibraryC", "src\cs\production\C2CS.Feature.BuildLibraryC\C2CS.Feature.BuildLibraryC.csproj", "{9BA29F5A-ECF9-41E3-944C-28B7D837D50B}"
EndProject
Project("{FAE04EC0-301F-11D3-BF4B-00C04F79EFBC}") = "C2CS.Feature.ExtractAbstractSyntaxTreeC", "src\cs\production\C2CS.Feature.ExtractAbstractSyntaxTreeC\C2CS.Feature.ExtractAbstractSyntaxTreeC.csproj", "{1D574489-0CE2-4BAC-AA53-92AA69FB69FD}"
EndProject
Project("{FAE04EC0-301F-11D3-BF4B-00C04F79EFBC}") = "C2CS.Feature.BindgenCSharp", "src\cs\production\C2CS.Feature.BindgenCSharp\C2CS.Feature.BindgenCSharp.csproj", "{A126534B-01B0-477B-9DDB-43BA54D09CA1}"
EndProject
Global
	GlobalSection(SolutionConfigurationPlatforms) = preSolution
		Debug|Any CPU = Debug|Any CPU
		Release|Any CPU = Release|Any CPU
	EndGlobalSection
	GlobalSection(ProjectConfigurationPlatforms) = postSolution
		{1DD50076-2E66-4EC4-99AA-D8F2539EF48D}.Debug|Any CPU.ActiveCfg = Debug|Any CPU
		{1DD50076-2E66-4EC4-99AA-D8F2539EF48D}.Debug|Any CPU.Build.0 = Debug|Any CPU
		{1DD50076-2E66-4EC4-99AA-D8F2539EF48D}.Release|Any CPU.ActiveCfg = Release|Any CPU
		{1DD50076-2E66-4EC4-99AA-D8F2539EF48D}.Release|Any CPU.Build.0 = Release|Any CPU
		{3549CD6F-971A-4456-8F80-EFC826AECC04}.Debug|Any CPU.ActiveCfg = Debug|Any CPU
		{3549CD6F-971A-4456-8F80-EFC826AECC04}.Debug|Any CPU.Build.0 = Debug|Any CPU
		{3549CD6F-971A-4456-8F80-EFC826AECC04}.Release|Any CPU.ActiveCfg = Release|Any CPU
		{3549CD6F-971A-4456-8F80-EFC826AECC04}.Release|Any CPU.Build.0 = Release|Any CPU
		{D22C766F-7E8B-4E81-899E-6CA1E624779B}.Debug|Any CPU.ActiveCfg = Debug|Any CPU
		{D22C766F-7E8B-4E81-899E-6CA1E624779B}.Debug|Any CPU.Build.0 = Debug|Any CPU
		{D22C766F-7E8B-4E81-899E-6CA1E624779B}.Release|Any CPU.ActiveCfg = Release|Any CPU
		{D22C766F-7E8B-4E81-899E-6CA1E624779B}.Release|Any CPU.Build.0 = Release|Any CPU
		{2CF10B9A-7845-4DB7-9B02-75D62A4DABA4}.Debug|Any CPU.ActiveCfg = Debug|Any CPU
		{2CF10B9A-7845-4DB7-9B02-75D62A4DABA4}.Debug|Any CPU.Build.0 = Debug|Any CPU
		{2CF10B9A-7845-4DB7-9B02-75D62A4DABA4}.Release|Any CPU.ActiveCfg = Release|Any CPU
		{2CF10B9A-7845-4DB7-9B02-75D62A4DABA4}.Release|Any CPU.Build.0 = Release|Any CPU
		{2E53A130-519C-4C5F-8D76-86CEA17A160F}.Debug|Any CPU.ActiveCfg = Debug|Any CPU
		{2E53A130-519C-4C5F-8D76-86CEA17A160F}.Debug|Any CPU.Build.0 = Debug|Any CPU
		{2E53A130-519C-4C5F-8D76-86CEA17A160F}.Release|Any CPU.ActiveCfg = Release|Any CPU
		{2E53A130-519C-4C5F-8D76-86CEA17A160F}.Release|Any CPU.Build.0 = Release|Any CPU
		{16C004F6-755D-4976-9EEB-A61BE1223AF2}.Debug|Any CPU.ActiveCfg = Debug|Any CPU
		{16C004F6-755D-4976-9EEB-A61BE1223AF2}.Debug|Any CPU.Build.0 = Debug|Any CPU
		{16C004F6-755D-4976-9EEB-A61BE1223AF2}.Release|Any CPU.ActiveCfg = Release|Any CPU
		{16C004F6-755D-4976-9EEB-A61BE1223AF2}.Release|Any CPU.Build.0 = Release|Any CPU
		{2B7BFB9A-E304-4855-ABEF-A4F426BC78F3}.Debug|Any CPU.ActiveCfg = Debug|Any CPU
		{2B7BFB9A-E304-4855-ABEF-A4F426BC78F3}.Debug|Any CPU.Build.0 = Debug|Any CPU
		{2B7BFB9A-E304-4855-ABEF-A4F426BC78F3}.Release|Any CPU.ActiveCfg = Release|Any CPU
		{2B7BFB9A-E304-4855-ABEF-A4F426BC78F3}.Release|Any CPU.Build.0 = Release|Any CPU
		{9BA29F5A-ECF9-41E3-944C-28B7D837D50B}.Debug|Any CPU.ActiveCfg = Debug|Any CPU
		{9BA29F5A-ECF9-41E3-944C-28B7D837D50B}.Debug|Any CPU.Build.0 = Debug|Any CPU
		{9BA29F5A-ECF9-41E3-944C-28B7D837D50B}.Release|Any CPU.ActiveCfg = Release|Any CPU
		{9BA29F5A-ECF9-41E3-944C-28B7D837D50B}.Release|Any CPU.Build.0 = Release|Any CPU
		{1D574489-0CE2-4BAC-AA53-92AA69FB69FD}.Debug|Any CPU.ActiveCfg = Debug|Any CPU
		{1D574489-0CE2-4BAC-AA53-92AA69FB69FD}.Debug|Any CPU.Build.0 = Debug|Any CPU
		{1D574489-0CE2-4BAC-AA53-92AA69FB69FD}.Release|Any CPU.ActiveCfg = Release|Any CPU
		{1D574489-0CE2-4BAC-AA53-92AA69FB69FD}.Release|Any CPU.Build.0 = Release|Any CPU
		{A126534B-01B0-477B-9DDB-43BA54D09CA1}.Debug|Any CPU.ActiveCfg = Debug|Any CPU
		{A126534B-01B0-477B-9DDB-43BA54D09CA1}.Debug|Any CPU.Build.0 = Debug|Any CPU
		{A126534B-01B0-477B-9DDB-43BA54D09CA1}.Release|Any CPU.ActiveCfg = Release|Any CPU
		{A126534B-01B0-477B-9DDB-43BA54D09CA1}.Release|Any CPU.Build.0 = Release|Any CPU
	EndGlobalSection
	GlobalSection(NestedProjects) = preSolution
		{69316361-0268-46E8-ADE6-89102DEB3166} = {E5C474A9-491B-4719-B253-09F93D5CEA5B}
		{1DD50076-2E66-4EC4-99AA-D8F2539EF48D} = {69316361-0268-46E8-ADE6-89102DEB3166}
		{3549CD6F-971A-4456-8F80-EFC826AECC04} = {69316361-0268-46E8-ADE6-89102DEB3166}
		{D22C766F-7E8B-4E81-899E-6CA1E624779B} = {0B6FBBF3-28F7-4374-9CDD-3C8B1DFD2AB8}
		{2CF10B9A-7845-4DB7-9B02-75D62A4DABA4} = {0B6FBBF3-28F7-4374-9CDD-3C8B1DFD2AB8}
		{2E53A130-519C-4C5F-8D76-86CEA17A160F} = {0B6FBBF3-28F7-4374-9CDD-3C8B1DFD2AB8}
		{16C004F6-755D-4976-9EEB-A61BE1223AF2} = {0B6FBBF3-28F7-4374-9CDD-3C8B1DFD2AB8}
		{2B7BFB9A-E304-4855-ABEF-A4F426BC78F3} = {0B6FBBF3-28F7-4374-9CDD-3C8B1DFD2AB8}
		{9BA29F5A-ECF9-41E3-944C-28B7D837D50B} = {0B6FBBF3-28F7-4374-9CDD-3C8B1DFD2AB8}
		{1D574489-0CE2-4BAC-AA53-92AA69FB69FD} = {0B6FBBF3-28F7-4374-9CDD-3C8B1DFD2AB8}
		{A126534B-01B0-477B-9DDB-43BA54D09CA1} = {0B6FBBF3-28F7-4374-9CDD-3C8B1DFD2AB8}
	EndGlobalSection
EndGlobal
