
Microsoft Visual Studio Solution File, Format Version 12.00
Project("{2150E333-8FDC-42A3-9474-1A3956D46DE8}") = "production", "production", "{0B6FBBF3-28F7-4374-9CDD-3C8B1DFD2AB8}"
EndProject
Project("{2150E333-8FDC-42A3-9474-1A3956D46DE8}") = "examples", "examples", "{E5C474A9-491B-4719-B253-09F93D5CEA5B}"
EndProject
Project("{2150E333-8FDC-42A3-9474-1A3956D46DE8}") = "helloworld", "helloworld", "{69316361-0268-46E8-ADE6-89102DEB3166}"
	ProjectSection(SolutionItems) = preProject
		src\cs\examples\helloworld\README.md = src\cs\examples\helloworld\README.md
	EndProjectSection
EndProject
Project("{FAE04EC0-301F-11D3-BF4B-00C04F79EFBC}") = "helloworld-compile-c-library-and-generate-bindings", "src\cs\examples\helloworld\helloworld-compile-c-library-and-generate-bindings\helloworld-compile-c-library-and-generate-bindings.csproj", "{1DD50076-2E66-4EC4-99AA-D8F2539EF48D}"
EndProject
Project("{FAE04EC0-301F-11D3-BF4B-00C04F79EFBC}") = "helloworld-app", "src\cs\examples\helloworld\helloworld-app\helloworld-app.csproj", "{3549CD6F-971A-4456-8F80-EFC826AECC04}"
EndProject
Project("{FAE04EC0-301F-11D3-BF4B-00C04F79EFBC}") = "C2CS.Tool", "src\cs\production\C2CS.Tool\C2CS.Tool.csproj", "{2E53A130-519C-4C5F-8D76-86CEA17A160F}"
EndProject
Project("{2150E333-8FDC-42A3-9474-1A3956D46DE8}") = "tests", "tests", "{995D2D9A-AAF6-4034-8625-5BB812C2870F}"
EndProject
Project("{FAE04EC0-301F-11D3-BF4B-00C04F79EFBC}") = "C2CS.Tests", "src\cs\tests\C2CS.Tests\C2CS.Tests.csproj", "{3C179AE6-E9B5-4B89-B441-863FF393CC85}"
EndProject
Project("{2150E333-8FDC-42A3-9474-1A3956D46DE8}") = "infrastructure", "infrastructure", "{3F11D389-67E8-40D9-B235-224F27F7BFC8}"
	ProjectSection(SolutionItems) = preProject
		src\cs\production\infrastructure\README.md = src\cs\production\infrastructure\README.md
	EndProjectSection
EndProject
Project("{FAE04EC0-301F-11D3-BF4B-00C04F79EFBC}") = "C2CS.Infrastructure.Clang", "src\cs\production\infrastructure\C2CS.Infrastructure.Clang\C2CS.Infrastructure.Clang.csproj", "{BEE5DEBA-4A80-47FC-9C0C-80F136EBBA71}"
EndProject
Project("{FAE04EC0-301F-11D3-BF4B-00C04F79EFBC}") = "C2CS.Infrastructure.Clang.Generator", "src\cs\production\infrastructure\C2CS.Infrastructure.Clang.Generator\C2CS.Infrastructure.Clang.Generator.csproj", "{E206B026-28AB-41D9-8B44-A3EC8A216FA3}"
EndProject
Project("{FAE04EC0-301F-11D3-BF4B-00C04F79EFBC}") = "C2CS.Infrastructure.Foundation", "src\cs\production\infrastructure\C2CS.Infrastructure.Foundation\C2CS.Infrastructure.Foundation.csproj", "{9500EF1F-4F03-4D02-99E6-5140C806EB0C}"
EndProject
Project("{FAE04EC0-301F-11D3-BF4B-00C04F79EFBC}") = "C2CS.Tests.Common", "src\cs\tests\C2CS.Tests.Common\C2CS.Tests.Common.csproj", "{53404802-59DE-4703-B0AF-C2ACC98F7F2F}"
EndProject
Project("{2150E333-8FDC-42A3-9474-1A3956D46DE8}") = "macos", "macos", "{5B171977-D7D2-49AB-8D1F-F5831A2E8983}"
EndProject
Project("{FAE04EC0-301F-11D3-BF4B-00C04F79EFBC}") = "macOS.MessageBox", "src\cs\examples\macOS\macOS.MessageBox\macOS.MessageBox.csproj", "{235C4BC1-5FDB-44AF-89CE-8709E744B8C1}"
EndProject
Project("{2150E333-8FDC-42A3-9474-1A3956D46DE8}") = "_", "_", "{9AD6A243-676B-4013-B275-F33215F82B77}"
	ProjectSection(SolutionItems) = preProject
		TODO.md = TODO.md
		README.md = README.md
	EndProjectSection
EndProject
Project("{FAE04EC0-301F-11D3-BF4B-00C04F79EFBC}") = "C2CS.Plugin", "src\cs\production\C2CS.Plugin\C2CS.Plugin.csproj", "{D26CD772-2BDA-4CF0-89E8-7A03598A3A41}"
EndProject
Project("{FAE04EC0-301F-11D3-BF4B-00C04F79EFBC}") = "helloworld-bindgen-plugin", "src\cs\examples\helloworld\helloworld-bindgen-plugin\helloworld-bindgen-plugin.csproj", "{FD083D84-FCE0-4313-9BCF-35203E3520DB}"
EndProject
Project("{FAE04EC0-301F-11D3-BF4B-00C04F79EFBC}") = "C2CS.Contexts.WriteCodeCSharp", "src\cs\production\C2CS.Contexts.WriteCodeCSharp\C2CS.Contexts.WriteCodeCSharp.csproj", "{00B88E51-C2CE-4997-92B0-0FC323DDBD5E}"
EndProject
Project("{FAE04EC0-301F-11D3-BF4B-00C04F79EFBC}") = "C2CS.Contexts.ReadCodeC", "src\cs\production\C2CS.Contexts.ReadCodeC\C2CS.Contexts.ReadCodeC.csproj", "{C7DC3BDD-00C6-40A3-94B5-F101F8EEC5CC}"
EndProject
Project("{FAE04EC0-301F-11D3-BF4B-00C04F79EFBC}") = "C2CS.Runtime", "src\cs\production\C2CS.Runtime\C2CS.Runtime.csproj", "{F7183DF5-5C13-4AC4-8216-1A9ED1732D49}"
EndProject
Global
	GlobalSection(SolutionConfigurationPlatforms) = preSolution
		Debug|Any CPU = Debug|Any CPU
		Release|Any CPU = Release|Any CPU
	EndGlobalSection
	GlobalSection(ProjectConfigurationPlatforms) = postSolution
		{1DD50076-2E66-4EC4-99AA-D8F2539EF48D}.Debug|Any CPU.ActiveCfg = Debug|Any CPU
		{1DD50076-2E66-4EC4-99AA-D8F2539EF48D}.Debug|Any CPU.Build.0 = Debug|Any CPU
		{1DD50076-2E66-4EC4-99AA-D8F2539EF48D}.Release|Any CPU.ActiveCfg = Release|Any CPU
		{1DD50076-2E66-4EC4-99AA-D8F2539EF48D}.Release|Any CPU.Build.0 = Release|Any CPU
		{3549CD6F-971A-4456-8F80-EFC826AECC04}.Debug|Any CPU.ActiveCfg = Debug|Any CPU
		{3549CD6F-971A-4456-8F80-EFC826AECC04}.Debug|Any CPU.Build.0 = Debug|Any CPU
		{3549CD6F-971A-4456-8F80-EFC826AECC04}.Release|Any CPU.ActiveCfg = Release|Any CPU
		{3549CD6F-971A-4456-8F80-EFC826AECC04}.Release|Any CPU.Build.0 = Release|Any CPU
		{2E53A130-519C-4C5F-8D76-86CEA17A160F}.Debug|Any CPU.ActiveCfg = Debug|Any CPU
		{2E53A130-519C-4C5F-8D76-86CEA17A160F}.Debug|Any CPU.Build.0 = Debug|Any CPU
		{2E53A130-519C-4C5F-8D76-86CEA17A160F}.Release|Any CPU.ActiveCfg = Release|Any CPU
		{2E53A130-519C-4C5F-8D76-86CEA17A160F}.Release|Any CPU.Build.0 = Release|Any CPU
		{3C179AE6-E9B5-4B89-B441-863FF393CC85}.Debug|Any CPU.ActiveCfg = Debug|Any CPU
		{3C179AE6-E9B5-4B89-B441-863FF393CC85}.Debug|Any CPU.Build.0 = Debug|Any CPU
		{3C179AE6-E9B5-4B89-B441-863FF393CC85}.Release|Any CPU.ActiveCfg = Release|Any CPU
		{3C179AE6-E9B5-4B89-B441-863FF393CC85}.Release|Any CPU.Build.0 = Release|Any CPU
		{BEE5DEBA-4A80-47FC-9C0C-80F136EBBA71}.Debug|Any CPU.ActiveCfg = Debug|Any CPU
		{BEE5DEBA-4A80-47FC-9C0C-80F136EBBA71}.Debug|Any CPU.Build.0 = Debug|Any CPU
		{BEE5DEBA-4A80-47FC-9C0C-80F136EBBA71}.Release|Any CPU.ActiveCfg = Release|Any CPU
		{BEE5DEBA-4A80-47FC-9C0C-80F136EBBA71}.Release|Any CPU.Build.0 = Release|Any CPU
		{E206B026-28AB-41D9-8B44-A3EC8A216FA3}.Debug|Any CPU.ActiveCfg = Debug|Any CPU
		{E206B026-28AB-41D9-8B44-A3EC8A216FA3}.Debug|Any CPU.Build.0 = Debug|Any CPU
		{E206B026-28AB-41D9-8B44-A3EC8A216FA3}.Release|Any CPU.ActiveCfg = Release|Any CPU
		{E206B026-28AB-41D9-8B44-A3EC8A216FA3}.Release|Any CPU.Build.0 = Release|Any CPU
		{9500EF1F-4F03-4D02-99E6-5140C806EB0C}.Debug|Any CPU.ActiveCfg = Debug|Any CPU
		{9500EF1F-4F03-4D02-99E6-5140C806EB0C}.Debug|Any CPU.Build.0 = Debug|Any CPU
		{9500EF1F-4F03-4D02-99E6-5140C806EB0C}.Release|Any CPU.ActiveCfg = Release|Any CPU
		{9500EF1F-4F03-4D02-99E6-5140C806EB0C}.Release|Any CPU.Build.0 = Release|Any CPU
		{53404802-59DE-4703-B0AF-C2ACC98F7F2F}.Debug|Any CPU.ActiveCfg = Debug|Any CPU
		{53404802-59DE-4703-B0AF-C2ACC98F7F2F}.Debug|Any CPU.Build.0 = Debug|Any CPU
		{53404802-59DE-4703-B0AF-C2ACC98F7F2F}.Release|Any CPU.ActiveCfg = Release|Any CPU
		{53404802-59DE-4703-B0AF-C2ACC98F7F2F}.Release|Any CPU.Build.0 = Release|Any CPU
		{235C4BC1-5FDB-44AF-89CE-8709E744B8C1}.Debug|Any CPU.ActiveCfg = Debug|Any CPU
		{235C4BC1-5FDB-44AF-89CE-8709E744B8C1}.Debug|Any CPU.Build.0 = Debug|Any CPU
		{235C4BC1-5FDB-44AF-89CE-8709E744B8C1}.Release|Any CPU.ActiveCfg = Release|Any CPU
		{235C4BC1-5FDB-44AF-89CE-8709E744B8C1}.Release|Any CPU.Build.0 = Release|Any CPU
		{D26CD772-2BDA-4CF0-89E8-7A03598A3A41}.Debug|Any CPU.ActiveCfg = Debug|Any CPU
		{D26CD772-2BDA-4CF0-89E8-7A03598A3A41}.Debug|Any CPU.Build.0 = Debug|Any CPU
		{D26CD772-2BDA-4CF0-89E8-7A03598A3A41}.Release|Any CPU.ActiveCfg = Release|Any CPU
		{D26CD772-2BDA-4CF0-89E8-7A03598A3A41}.Release|Any CPU.Build.0 = Release|Any CPU
		{FD083D84-FCE0-4313-9BCF-35203E3520DB}.Debug|Any CPU.ActiveCfg = Debug|Any CPU
		{FD083D84-FCE0-4313-9BCF-35203E3520DB}.Debug|Any CPU.Build.0 = Debug|Any CPU
		{FD083D84-FCE0-4313-9BCF-35203E3520DB}.Release|Any CPU.ActiveCfg = Release|Any CPU
		{FD083D84-FCE0-4313-9BCF-35203E3520DB}.Release|Any CPU.Build.0 = Release|Any CPU
		{00B88E51-C2CE-4997-92B0-0FC323DDBD5E}.Debug|Any CPU.ActiveCfg = Debug|Any CPU
		{00B88E51-C2CE-4997-92B0-0FC323DDBD5E}.Debug|Any CPU.Build.0 = Debug|Any CPU
		{00B88E51-C2CE-4997-92B0-0FC323DDBD5E}.Release|Any CPU.ActiveCfg = Release|Any CPU
		{00B88E51-C2CE-4997-92B0-0FC323DDBD5E}.Release|Any CPU.Build.0 = Release|Any CPU
		{C7DC3BDD-00C6-40A3-94B5-F101F8EEC5CC}.Debug|Any CPU.ActiveCfg = Debug|Any CPU
		{C7DC3BDD-00C6-40A3-94B5-F101F8EEC5CC}.Debug|Any CPU.Build.0 = Debug|Any CPU
		{C7DC3BDD-00C6-40A3-94B5-F101F8EEC5CC}.Release|Any CPU.ActiveCfg = Release|Any CPU
		{C7DC3BDD-00C6-40A3-94B5-F101F8EEC5CC}.Release|Any CPU.Build.0 = Release|Any CPU
		{F7183DF5-5C13-4AC4-8216-1A9ED1732D49}.Debug|Any CPU.ActiveCfg = Debug|Any CPU
		{F7183DF5-5C13-4AC4-8216-1A9ED1732D49}.Debug|Any CPU.Build.0 = Debug|Any CPU
		{F7183DF5-5C13-4AC4-8216-1A9ED1732D49}.Release|Any CPU.ActiveCfg = Release|Any CPU
		{F7183DF5-5C13-4AC4-8216-1A9ED1732D49}.Release|Any CPU.Build.0 = Release|Any CPU
	EndGlobalSection
	GlobalSection(NestedProjects) = preSolution
		{69316361-0268-46E8-ADE6-89102DEB3166} = {E5C474A9-491B-4719-B253-09F93D5CEA5B}
		{1DD50076-2E66-4EC4-99AA-D8F2539EF48D} = {69316361-0268-46E8-ADE6-89102DEB3166}
		{3549CD6F-971A-4456-8F80-EFC826AECC04} = {69316361-0268-46E8-ADE6-89102DEB3166}
		{2E53A130-519C-4C5F-8D76-86CEA17A160F} = {0B6FBBF3-28F7-4374-9CDD-3C8B1DFD2AB8}
		{3C179AE6-E9B5-4B89-B441-863FF393CC85} = {995D2D9A-AAF6-4034-8625-5BB812C2870F}
		{3F11D389-67E8-40D9-B235-224F27F7BFC8} = {0B6FBBF3-28F7-4374-9CDD-3C8B1DFD2AB8}
		{BEE5DEBA-4A80-47FC-9C0C-80F136EBBA71} = {3F11D389-67E8-40D9-B235-224F27F7BFC8}
		{E206B026-28AB-41D9-8B44-A3EC8A216FA3} = {3F11D389-67E8-40D9-B235-224F27F7BFC8}
		{9500EF1F-4F03-4D02-99E6-5140C806EB0C} = {3F11D389-67E8-40D9-B235-224F27F7BFC8}
		{53404802-59DE-4703-B0AF-C2ACC98F7F2F} = {995D2D9A-AAF6-4034-8625-5BB812C2870F}
		{5B171977-D7D2-49AB-8D1F-F5831A2E8983} = {E5C474A9-491B-4719-B253-09F93D5CEA5B}
		{235C4BC1-5FDB-44AF-89CE-8709E744B8C1} = {5B171977-D7D2-49AB-8D1F-F5831A2E8983}
		{D26CD772-2BDA-4CF0-89E8-7A03598A3A41} = {0B6FBBF3-28F7-4374-9CDD-3C8B1DFD2AB8}
		{FD083D84-FCE0-4313-9BCF-35203E3520DB} = {69316361-0268-46E8-ADE6-89102DEB3166}
		{00B88E51-C2CE-4997-92B0-0FC323DDBD5E} = {0B6FBBF3-28F7-4374-9CDD-3C8B1DFD2AB8}
		{C7DC3BDD-00C6-40A3-94B5-F101F8EEC5CC} = {0B6FBBF3-28F7-4374-9CDD-3C8B1DFD2AB8}
		{F7183DF5-5C13-4AC4-8216-1A9ED1732D49} = {0B6FBBF3-28F7-4374-9CDD-3C8B1DFD2AB8}
	EndGlobalSection
EndGlobal
