
Microsoft Visual Studio Solution File, Format Version 12.00
Project("{FAE04EC0-301F-11D3-BF4B-00C04F79EFBC}") = "C2CS", "prod\C2CS\C2CS.csproj", "{963D484D-D78C-45F7-87FD-D948290E86E0}"
EndProject
Project("{FAE04EC0-301F-11D3-BF4B-00C04F79EFBC}") = "C2CS.CommandLine", "prod\C2CS.CommandLine\C2CS.CommandLine.csproj", "{579857C9-5374-458A-84E0-0564ECA99237}"
EndProject
Global
	GlobalSection(SolutionConfigurationPlatforms) = preSolution
		Debug|Any CPU = Debug|Any CPU
		Release|Any CPU = Release|Any CPU
	EndGlobalSection
	GlobalSection(ProjectConfigurationPlatforms) = postSolution
		{963D484D-D78C-45F7-87FD-D948290E86E0}.Debug|Any CPU.ActiveCfg = Debug|Any CPU
		{963D484D-D78C-45F7-87FD-D948290E86E0}.Debug|Any CPU.Build.0 = Debug|Any CPU
		{963D484D-D78C-45F7-87FD-D948290E86E0}.Release|Any CPU.ActiveCfg = Release|Any CPU
		{963D484D-D78C-45F7-87FD-D948290E86E0}.Release|Any CPU.Build.0 = Release|Any CPU
		{579857C9-5374-458A-84E0-0564ECA99237}.Debug|Any CPU.ActiveCfg = Debug|Any CPU
		{579857C9-5374-458A-84E0-0564ECA99237}.Debug|Any CPU.Build.0 = Debug|Any CPU
		{579857C9-5374-458A-84E0-0564ECA99237}.Release|Any CPU.ActiveCfg = Release|Any CPU
		{579857C9-5374-458A-84E0-0564ECA99237}.Release|Any CPU.Build.0 = Release|Any CPU
	EndGlobalSection
	GlobalSection(NestedProjects) = preSolution
	EndGlobalSection
EndGlobal
